
Microsoft Visual Studio Solution File, Format Version 12.00
# Visual Studio Version 17
VisualStudioVersion = 17.4.33213.308
MinimumVisualStudioVersion = 10.0.40219.1
Project("{FAE04EC0-301F-11D3-BF4B-00C04F79EFBC}") = "RackDAT-API", "RackDAT-API.csproj", "{BB3681EC-7843-4760-A122-93958CDF0EFA}"
EndProject
Global
	GlobalSection(SolutionConfigurationPlatforms) = preSolution
		Debug|Any CPU = Debug|Any CPU
		Release|Any CPU = Release|Any CPU
	EndGlobalSection
	GlobalSection(ProjectConfigurationPlatforms) = postSolution
		{BB3681EC-7843-4760-A122-93958CDF0EFA}.Debug|Any CPU.ActiveCfg = Debug|Any CPU
		{BB3681EC-7843-4760-A122-93958CDF0EFA}.Debug|Any CPU.Build.0 = Debug|Any CPU
		{BB3681EC-7843-4760-A122-93958CDF0EFA}.Release|Any CPU.ActiveCfg = Release|Any CPU
		{BB3681EC-7843-4760-A122-93958CDF0EFA}.Release|Any CPU.Build.0 = Release|Any CPU
	EndGlobalSection
	GlobalSection(SolutionProperties) = preSolution
		HideSolutionNode = FALSE
	EndGlobalSection
	GlobalSection(ExtensibilityGlobals) = postSolution
		SolutionGuid = {341F5521-D7AF-4305-88E0-0816EE60ADDA}
	EndGlobalSection
EndGlobal
